dependencies:
  chmorgan/esp-libhelix-mp3:
    dependencies: []
    source:
      path: components/chmorgan__esp-libhelix-mp3
      type: local
    version: 1.0.3
  espressif/cjson:
    component_hash: e788323270d90738662d66fffa910bfe1fba019bba087f01557e70c40485b469
    dependencies:
    - name: idf
      require: private
      version: '>=5.0'
    source:
      registry_url: https://components.espressif.com/
      type: service
    version: 1.7.19~2
  idf:
    source:
      type: idf
    version: 6.0.2
direct_dependencies:
- chmorgan/esp-libhelix-mp3
- espressif/cjson
- idf
manifest_hash: e3c41bcef0a3b7acfaf48349c05c0e9e54379ff18535ed02e330e1fb1a3f8fc3
target: esp32s3
version: 3.0.0
